// !$*UTF8*$!
{
	archiveVersion = 1;
	classes = {
	};
	objectVersion = 46;
	objects = {

/* Begin PBXBuildFile section */
		445789231EBAD70A0011979D /* AppDelegate.swift in Sources */ = {isa = PBXBuildFile; fileRef = 445789221EBAD70A0011979D /* AppDelegate.swift */; };
		445789251EBAD70A0011979D /* ViewController.swift in Sources */ = {isa = PBXBuildFile; fileRef = 445789241EBAD70A0011979D /* ViewController.swift */; };
		445789281EBAD70A0011979D /* Main.storyboard in Resources */ = {isa = PBXBuildFile; fileRef = 445789261EBAD70A0011979D /* Main.storyboard */; };
		4457892A1EBAD70A0011979D /* Assets.xcassets in Resources */ = {isa = PBXBuildFile; fileRef = 445789291EBAD70A0011979D /* Assets.xcassets */; };
		4457892D1EBAD70A0011979D /* LaunchScreen.storyboard in Resources */ = {isa = PBXBuildFile; fileRef = 4457892B1EBAD70A0011979D /* LaunchScreen.storyboard */; };
/* End PBXBuildFile section */

/* Begin PBXFileReference section */
		4457891F1EBAD70A0011979D /* Day 1 Coding.app */ = {isa = PBXFileReference; explicitFileType = wrapper.application; includeInIndex = 0; path = "Day 1 Coding.app"; sourceTree = BUILT_PRODUCTS_DIR; };
		445789221EBAD70A0011979D /* AppDelegate.swift */ = {isa = PBXFileReference; lastKnownFileType = sourcecode.swift; path = AppDelegate.swift; sourceTree = "<group>"; };
		445789241EBAD70A0011979D /* ViewController.swift */ = {isa = PBXFileReference; lastKnownFileType = sourcecode.swift; path = ViewController.swift; sourceTree = "<group>"; };
		445789271EBAD70A0011979D /* Base */ = {isa = PBXFileReference; lastKnownFileType = file.storyboard; name = Base; path = Base.lproj/Main.storyboard; sourceTree = "<group>"; };
		445789291EBAD70A0011979D /* Assets.xcassets */ = {isa = PBXFileReference; lastKnownFileType = folder.assetcatalog; path = Assets.xcassets; sourceTree = "<group>"; };
		4457892C1EBAD70A0011979D /* Base */ = {isa = PBXFileReference; lastKnownFileType = file.storyboard; name = Base; path = Base.lproj/LaunchScreen.storyboard; sourceTree = "<group>"; };
		4457892E1EBAD70A0011979D /* Info.plist */ = {isa = PBXFileReference; lastKnownFileType = text.plist.xml; path = Info.plist; sourceTree = "<group>"; };
/* End PBXFileReference section */

/* Begin PBXFrameworksBuildPhase section */
		4457891C1EBAD70A0011979D /* Frameworks */ = {
			isa = PBXFrameworksBuildPhase;
			buildActionMask = 2147483647;
			files = (
			);
			runOnlyForDeploymentPostprocessing = 0;
		};
/* End PBXFrameworksBuildPhase section */

/* Begin PBXGroup section */
		445789161EBAD70A0011979D = {
			isa = PBXGroup;
			children = (
				445789211EBAD70A0011979D /* Day 1 Coding */,
				445789201EBAD70A0011979D /* Products */,
			);
			sourceTree = "<group>";
		};
		445789201EBAD70A0011979D /* Products */ = {
			isa = PBXGroup;
			children = (
				4457891F1EBAD70A0011979D /* Day 1 Coding.app */,
			);
			name = Products;
			sourceTree = "<group>";
		};
		445789211EBAD70A0011979D /* Day 1 Coding */ = {
			isa = PBXGroup;
			children = (
				445789221EBAD70A0011979D /* AppDelegate.swift */,
				445789241EBAD70A0011979D /* ViewController.swift */,
				445789261EBAD70A0011979D /* Main.storyboard */,
				445789291EBAD70A0011979D /* Assets.xcassets */,
				4457892B1EBAD70A0011979D /* LaunchScreen.storyboard */,
				4457892E1EBAD70A0011979D /* Info.plist */,
			);
			path = "Day 1 Coding";
			sourceTree = "<group>";
		};
/* End PBXGroup section */

/* Begin PBXNativeTarget section */
		4457891E1EBAD70A0011979D /* Day 1 Coding */ = {
			isa = PBXNativeTarget;
			buildConfigurationList = 445789311EBAD70A0011979D /* Build configuration list for PBXNativeTarget "Day 1 Coding" */;
			buildPhases = (
				4457891B1EBAD70A0011979D /* Sources */,
				4457891C1EBAD70A0011979D /* Frameworks */,
				4457891D1EBAD70A0011979D /* Resources */,
			);
			buildRules = (
			);
			dependencies = (
			);
			name = "Day 1 Coding";
			productName = "Day 1 Coding";
			productReference = 4457891F1EBAD70A0011979D /* Day 1 Coding.app */;
			productType = "com.apple.product-type.application";
		};
/* End PBXNativeTarget section */

/* Begin PBXProject section */
		445789171EBAD70A0011979D /* Project object */ = {
			isa = PBXProject;
			attributes = {
				LastSwiftUpdateCheck = 0830;
				LastUpgradeCheck = 0830;
				ORGANIZATIONNAME = "Megan Leslie";
				TargetAttributes = {
					4457891E1EBAD70A0011979D = {
						CreatedOnToolsVersion = 8.3;
						ProvisioningStyle = Automatic;
					};
				};
			};
			buildConfigurationList = 4457891A1EBAD70A0011979D /* Build configuration list for PBXProject "Day 1 Coding" */;
			compatibilityVersion = "Xcode 3.2";
			developmentRegion = English;
			hasScannedForEncodings = 0;
			knownRegions = (
				en,
				Base,
			);
			mainGroup = 445789161EBAD70A0011979D;
			productRefGroup = 445789201EBAD70A0011979D /* Products */;
			projectDirPath = "";
			projectRoot = "";
			targets = (
				4457891E1EBAD70A0011979D /* Day 1 Coding */,
			);
		};
/* End PBXProject section */

/* Begin PBXResourcesBuildPhase section */
		4457891D1EBAD70A0011979D /* Resources */ = {
			isa = PBXResourcesBuildPhase;
			buildActionMask = 2147483647;
			files = (
				4457892D1EBAD70A0011979D /* LaunchScreen.storyboard in Resources */,
				4457892A1EBAD70A0011979D /* Assets.xcassets in Resources */,
				445789281EBAD70A0011979D /* Main.storyboard in Resources */,
			);
			runOnlyForDeploymentPostprocessing = 0;
		};
/* End PBXResourcesBuildPhase section */

/* Begin PBXSourcesBuildPhase section */
		4457891B1EBAD70A0011979D /* Sources */ = {
			isa = PBXSourcesBuildPhase;
			buildActionMask = 2147483647;
			files = (
				445789251EBAD70A0011979D /* ViewController.swift in Sources */,
				445789231EBAD70A0011979D /* AppDelegate.swift in Sources */,
			);
			runOnlyForDeploymentPostprocessing = 0;
		};
/* End PBXSourcesBuildPhase section */

/* Begin PBXVariantGroup section */
		445789261EBAD70A0011979D /* Main.storyboard */ = {
			isa = PBXVariantGroup;
			children = (
				445789271EBAD70A0011979D /* Base */,
			);
			name = Main.storyboard;
			sourceTree = "<group>";
		};
		4457892B1EBAD70A0011979D /* LaunchScreen.storyboard */ = {
			isa = PBXVariantGroup;
			children = (
				4457892C1EBAD70A0011979D /* Base */,
			);
			name = LaunchScreen.storyboard;
			sourceTree = "<group>";
		};
/* End PBXVariantGroup section */

/* Begin XCBuildConfiguration section */
		4457892F1EBAD70A0011979D /* Debug */ = {
			isa = XCBuildConfiguration;
			buildSettings = {
				ALWAYS_SEARCH_USER_PATHS = NO;
				CLANG_ANALYZER_NONNULL = YES;
				CLANG_ANALYZER_NUMBER_OBJECT_CONVERSION = YES_AGGRESSIVE;
				CLANG_CXX_LANGUAGE_STANDARD = "gnu++0x";
				CLANG_CXX_LIBRARY = "libc++";
				CLANG_ENABLE_MODULES = YES;
				CLANG_ENABLE_OBJC_ARC = YES;
				CLANG_WARN_BOOL_CONVERSION = YES;
				CLANG_WARN_CONSTANT_CONVERSION = YES;
				CLANG_WARN_DIRECT_OBJC_ISA_USAGE = YES_ERROR;
				CLANG_WARN_DOCUMENTATION_COMMENTS = YES;
				CLANG_WARN_EMPTY_BODY = YES;
				CLANG_WARN_ENUM_CONVERSION = YES;
				CLANG_WARN_INFINITE_RECURSION = YES;
				CLANG_WARN_INT_CONVERSION = YES;
				CLANG_WARN_OBJC_ROOT_CLASS = YES_ERROR;
				CLANG_WARN_SUSPICIOUS_MOVE = YES;
				CLANG_WARN_UNREACHABLE_CODE = YES;
				CLANG_WARN__DUPLICATE_METHOD_MATCH = YES;
				"CODE_SIGN_IDENTITY[sdk=iphoneos*]" = "iPhone Developer";
				COPY_PHASE_STRIP = NO;
				DEBUG_INFORMATION_FORMAT = dwarf;
				ENABLE_STRICT_OBJC_MSGSEND = YES;
				ENABLE_TESTABILITY = YES;
				GCC_C_LANGUAGE_STANDARD = gnu99;
				GCC_DYNAMIC_NO_PIC = NO;
				GCC_NO_COMMON_BLOCKS = YES;
				GCC_OPTIMIZATION_LEVEL = 0;
				GCC_PREPROCESSOR_DEFINITIONS = (
					"DEBUG=1",
					"$(inherited)",
				);
				GCC_WARN_64_TO_32_BIT_CONVERSION = YES;
				GCC_WARN_ABOUT_RETURN_TYPE = YES_ERROR;
				GCC_WARN_UNDECLARED_SELECTOR = YES;
				GCC_WARN_UNINITIALIZED_AUTOS = YES_AGGRESSIVE;
				GCC_WARN_UNUSED_FUNCTION = YES;
				GCC_WARN_UNUSED_VARIABLE = YES;
				IPHONEOS_DEPLOYMENT_TARGET = 10.3;
				MTL_ENABLE_DEBUG_INFO = YES;
				ONLY_ACTIVE_ARCH = YES;
				SDKROOT = iphoneos;
				SWIFT_ACTIVE_COMPILATION_CONDITIONS = DEBUG;
				SWIFT_OPTIMIZATION_LEVEL = "-Onone";
				TARGETED_DEVICE_FAMILY = "1,2";
			};
			name = Debug;
		};
		445789301EBAD70A0011979D /* Release */ = {
			isa = XCBuildConfiguration;
			buildSettings = {
				ALWAYS_SEARCH_USER_PATHS = NO;
				CLANG_ANALYZER_NONNULL = YES;
				CLANG_ANALYZER_NUMBER_OBJECT_CONVERSION = YES_AGGRESSIVE;
				CLANG_CXX_LANGUAGE_STANDARD = "gnu++0x";
				CLANG_CXX_LIBRARY = "libc++";
				CLANG_ENABLE_MODULES = YES;
				CLANG_ENABLE_OBJC_ARC = YES;
				CLANG_WARN_BOOL_CONVERSION = YES;
				CLANG_WARN_CONSTANT_CONVERSION = YES;
				CLANG_WARN_DIRECT_OBJC_ISA_USAGE = YES_ERROR;
				CLANG_WARN_DOCUMENTATION_COMMENTS = YES;
				CLANG_WARN_EMPTY_BODY = YES;
				CLANG_WARN_ENUM_CONVERSION = YES;
				CLANG_WARN_INFINITE_RECURSION = YES;
				CLANG_WARN_INT_CONVERSION = YES;
				CLANG_WARN_OBJC_ROOT_CLASS = YES_ERROR;
				CLANG_WARN_SUSPICIOUS_MOVE = YES;
				CLANG_WARN_UNREACHABLE_CODE = YES;
				CLANG_WARN__DUPLICATE_METHOD_MATCH = YES;
				"CODE_SIGN_IDENTITY[sdk=iphoneos*]" = "iPhone Developer";
				COPY_PHASE_STRIP = NO;
				DEBUG_INFORMATION_FORMAT = "dwarf-with-dsym";
				ENABLE_NS_ASSERTIONS = NO;
				ENABLE_STRICT_OBJC_MSGSEND = YES;
				GCC_C_LANGUAGE_STANDARD = gnu99;
				GCC_NO_COMMON_BLOCKS = YES;
				GCC_WARN_64_TO_32_BIT_CONVERSION = YES;
				GCC_WARN_ABOUT_RETURN_TYPE = YES_ERROR;
				GCC_WARN_UNDECLARED_SELECTOR = YES;
				GCC_WARN_UNINITIALIZED_AUTOS = YES_AGGRESSIVE;
				GCC_WARN_UNUSED_FUNCTION = YES;
				GCC_WARN_UNUSED_VARIABLE = YES;
				IPHONEOS_DEPLOYMENT_TARGET = 10.3;
				MTL_ENABLE_DEBUG_INFO = NO;
				SDKROOT = iphoneos;
				SWIFT_OPTIMIZATION_LEVEL = "-Owholemodule";
				TARGETED_DEVICE_FAMILY = "1,2";
				VALIDATE_PRODUCT = YES;
			};
			name = Release;
		};
		445789321EBAD70A0011979D /* Debug */ = {
			isa = XCBuildConfiguration;
			buildSettings = {
				ASSETCATALOG_COMPILER_APPICON_NAME = AppIcon;
				INFOPLIST_FILE = "Day 1 Coding/Info.plist";
				LD_RUNPATH_SEARCH_PATHS = "$(inherited) @executable_path/Frameworks";
				PRODUCT_BUNDLE_IDENTIFIER = "com.jmventive.Day-1-Coding";
				PRODUCT_NAME = "$(TARGET_NAME)";
				SWIFT_VERSION = 3.0;
			};
			name = Debug;
		};
		445789331EBAD70A0011979D /* Release */ = {
			isa = XCBuildConfiguration;
			buildSettings = {
				ASSETCATALOG_COMPILER_APPICON_NAME = AppIcon;
				INFOPLIST_FILE = "Day 1 Coding/Info.plist";
				LD_RUNPATH_SEARCH_PATHS = "$(inherited) @executable_path/Frameworks";
				PRODUCT_BUNDLE_IDENTIFIER = "com.jmventive.Day-1-Coding";
				PRODUCT_NAME = "$(TARGET_NAME)";
				SWIFT_VERSION = 3.0;
			};
			name = Release;
		};
/* End XCBuildConfiguration section */

/* Begin XCConfigurationList section */
		4457891A1EBAD70A0011979D /* Build configuration list for PBXProject "Day 1 Coding" */ = {
			isa = XCConfigurationList;
			buildConfigurations = (
				4457892F1EBAD70A0011979D /* Debug */,
				445789301EBAD70A0011979D /* Release */,
			);
			defaultConfigurationIsVisible = 0;
			defaultConfigurationName = Release;
		};
		445789311EBAD70A0011979D /* Build configuration list for PBXNativeTarget "Day 1 Coding" */ = {
			isa = XCConfigurationList;
			buildConfigurations = (
				445789321EBAD70A0011979D /* Debug */,
				445789331EBAD70A0011979D /* Release */,
			);
			defaultConfigurationIsVisible = 0;
		};
/* End XCConfigurationList section */
	};
	rootObject = 445789171EBAD70A0011979D /* Project object */;
}
